
Microsoft Visual Studio Solution File, Format Version 12.00
# Visual Studio Version 16
VisualStudioVersion = 16.0.29519.87
MinimumVisualStudioVersion = 10.0.40219.1
Project("{8BC9CEB8-8B4A-11D0-8D11-00A0C91BC942}") = "Client", "Client\Client.vcxproj", "{2881C395-3474-4557-8C3B-63727B24579C}"
EndProject
Project("{8BC9CEB8-8B4A-11D0-8D11-00A0C91BC942}") = "MainServer", "MainServer\MainServer.vcxproj", "{3187EECF-0D9A-4568-AF2C-AFAEFD56F92C}"
EndProject
Project("{8BC9CEB8-8B4A-11D0-8D11-00A0C91BC942}") = "ServerA", "ServerA\ServerA.vcxproj", "{69DA9692-89F3-4A74-B6C4-2780A0A02CCE}"
EndProject
Project("{8BC9CEB8-8B4A-11D0-8D11-00A0C91BC942}") = "ServerB", "ServerB\ServerB.vcxproj", "{C4ED9591-8A6F-4951-9A94-A316BA1BF066}"
EndProject
Project("{8BC9CEB8-8B4A-11D0-8D11-00A0C91BC942}") = "Common", "Common\Common.vcxitems", "{41C630AB-FAE9-432C-BBB6-E983E2438596}"
EndProject
Global
	GlobalSection(SharedMSBuildProjectFiles) = preSolution
		Common\Common.vcxitems*{2881c395-3474-4557-8c3b-63727b24579c}*SharedItemsImports = 4
		Common\Common.vcxitems*{3187eecf-0d9a-4568-af2c-afaefd56f92c}*SharedItemsImports = 4
		Common\Common.vcxitems*{41c630ab-fae9-432c-bbb6-e983e2438596}*SharedItemsImports = 9
		Common\Common.vcxitems*{69da9692-89f3-4a74-b6c4-2780a0a02cce}*SharedItemsImports = 4
		Common\Common.vcxitems*{c4ed9591-8a6f-4951-9a94-a316ba1bf066}*SharedItemsImports = 4
	EndGlobalSection
	GlobalSection(SolutionConfigurationPlatforms) = preSolution
		Debug|ARM = Debug|ARM
		Debug|ARM64 = Debug|ARM64
		Debug|x64 = Debug|x64
		Debug|x86 = Debug|x86
		Release|ARM = Release|ARM
		Release|ARM64 = Release|ARM64
		Release|x64 = Release|x64
		Release|x86 = Release|x86
	EndGlobalSection
	GlobalSection(ProjectConfigurationPlatforms) = postSolution
		{2881C395-3474-4557-8C3B-63727B24579C}.Debug|ARM.ActiveCfg = Debug|ARM
		{2881C395-3474-4557-8C3B-63727B24579C}.Debug|ARM.Build.0 = Debug|ARM
		{2881C395-3474-4557-8C3B-63727B24579C}.Debug|ARM.Deploy.0 = Debug|ARM
		{2881C395-3474-4557-8C3B-63727B24579C}.Debug|ARM64.ActiveCfg = Debug|ARM64
		{2881C395-3474-4557-8C3B-63727B24579C}.Debug|ARM64.Build.0 = Debug|ARM64
		{2881C395-3474-4557-8C3B-63727B24579C}.Debug|ARM64.Deploy.0 = Debug|ARM64
		{2881C395-3474-4557-8C3B-63727B24579C}.Debug|x64.ActiveCfg = Debug|x64
		{2881C395-3474-4557-8C3B-63727B24579C}.Debug|x64.Build.0 = Debug|x64
		{2881C395-3474-4557-8C3B-63727B24579C}.Debug|x64.Deploy.0 = Debug|x64
		{2881C395-3474-4557-8C3B-63727B24579C}.Debug|x86.ActiveCfg = Debug|x86
		{2881C395-3474-4557-8C3B-63727B24579C}.Debug|x86.Build.0 = Debug|x86
		{2881C395-3474-4557-8C3B-63727B24579C}.Debug|x86.Deploy.0 = Debug|x86
		{2881C395-3474-4557-8C3B-63727B24579C}.Release|ARM.ActiveCfg = Release|ARM
		{2881C395-3474-4557-8C3B-63727B24579C}.Release|ARM.Build.0 = Release|ARM
		{2881C395-3474-4557-8C3B-63727B24579C}.Release|ARM.Deploy.0 = Release|ARM
		{2881C395-3474-4557-8C3B-63727B24579C}.Release|ARM64.ActiveCfg = Release|ARM64
		{2881C395-3474-4557-8C3B-63727B24579C}.Release|ARM64.Build.0 = Release|ARM64
		{2881C395-3474-4557-8C3B-63727B24579C}.Release|ARM64.Deploy.0 = Release|ARM64
		{2881C395-3474-4557-8C3B-63727B24579C}.Release|x64.ActiveCfg = Release|x64
		{2881C395-3474-4557-8C3B-63727B24579C}.Release|x64.Build.0 = Release|x64
		{2881C395-3474-4557-8C3B-63727B24579C}.Release|x64.Deploy.0 = Release|x64
		{2881C395-3474-4557-8C3B-63727B24579C}.Release|x86.ActiveCfg = Release|x86
		{2881C395-3474-4557-8C3B-63727B24579C}.Release|x86.Build.0 = Release|x86
		{2881C395-3474-4557-8C3B-63727B24579C}.Release|x86.Deploy.0 = Release|x86
		{3187EECF-0D9A-4568-AF2C-AFAEFD56F92C}.Debug|ARM.ActiveCfg = Debug|ARM
		{3187EECF-0D9A-4568-AF2C-AFAEFD56F92C}.Debug|ARM.Build.0 = Debug|ARM
		{3187EECF-0D9A-4568-AF2C-AFAEFD56F92C}.Debug|ARM.Deploy.0 = Debug|ARM
		{3187EECF-0D9A-4568-AF2C-AFAEFD56F92C}.Debug|ARM64.ActiveCfg = Debug|ARM64
		{3187EECF-0D9A-4568-AF2C-AFAEFD56F92C}.Debug|ARM64.Build.0 = Debug|ARM64
		{3187EECF-0D9A-4568-AF2C-AFAEFD56F92C}.Debug|ARM64.Deploy.0 = Debug|ARM64
		{3187EECF-0D9A-4568-AF2C-AFAEFD56F92C}.Debug|x64.ActiveCfg = Debug|x64
		{3187EECF-0D9A-4568-AF2C-AFAEFD56F92C}.Debug|x64.Build.0 = Debug|x64
		{3187EECF-0D9A-4568-AF2C-AFAEFD56F92C}.Debug|x64.Deploy.0 = Debug|x64
		{3187EECF-0D9A-4568-AF2C-AFAEFD56F92C}.Debug|x86.ActiveCfg = Debug|x86
		{3187EECF-0D9A-4568-AF2C-AFAEFD56F92C}.Debug|x86.Build.0 = Debug|x86
		{3187EECF-0D9A-4568-AF2C-AFAEFD56F92C}.Debug|x86.Deploy.0 = Debug|x86
		{3187EECF-0D9A-4568-AF2C-AFAEFD56F92C}.Release|ARM.ActiveCfg = Release|ARM
		{3187EECF-0D9A-4568-AF2C-AFAEFD56F92C}.Release|ARM.Build.0 = Release|ARM
		{3187EECF-0D9A-4568-AF2C-AFAEFD56F92C}.Release|ARM.Deploy.0 = Release|ARM
		{3187EECF-0D9A-4568-AF2C-AFAEFD56F92C}.Release|ARM64.ActiveCfg = Release|ARM64
		{3187EECF-0D9A-4568-AF2C-AFAEFD56F92C}.Release|ARM64.Build.0 = Release|ARM64
		{3187EECF-0D9A-4568-AF2C-AFAEFD56F92C}.Release|ARM64.Deploy.0 = Release|ARM64
		{3187EECF-0D9A-4568-AF2C-AFAEFD56F92C}.Release|x64.ActiveCfg = Release|x64
		{3187EECF-0D9A-4568-AF2C-AFAEFD56F92C}.Release|x64.Build.0 = Release|x64
		{3187EECF-0D9A-4568-AF2C-AFAEFD56F92C}.Release|x64.Deploy.0 = Release|x64
		{3187EECF-0D9A-4568-AF2C-AFAEFD56F92C}.Release|x86.ActiveCfg = Release|x86
		{3187EECF-0D9A-4568-AF2C-AFAEFD56F92C}.Release|x86.Build.0 = Release|x86
		{3187EECF-0D9A-4568-AF2C-AFAEFD56F92C}.Release|x86.Deploy.0 = Release|x86
		{69DA9692-89F3-4A74-B6C4-2780A0A02CCE}.Debug|ARM.ActiveCfg = Debug|ARM
		{69DA9692-89F3-4A74-B6C4-2780A0A02CCE}.Debug|ARM.Build.0 = Debug|ARM
		{69DA9692-89F3-4A74-B6C4-2780A0A02CCE}.Debug|ARM.Deploy.0 = Debug|ARM
		{69DA9692-89F3-4A74-B6C4-2780A0A02CCE}.Debug|ARM64.ActiveCfg = Debug|ARM64
		{69DA9692-89F3-4A74-B6C4-2780A0A02CCE}.Debug|ARM64.Build.0 = Debug|ARM64
		{69DA9692-89F3-4A74-B6C4-2780A0A02CCE}.Debug|ARM64.Deploy.0 = Debug|ARM64
		{69DA9692-89F3-4A74-B6C4-2780A0A02CCE}.Debug|x64.ActiveCfg = Debug|x64
		{69DA9692-89F3-4A74-B6C4-2780A0A02CCE}.Debug|x64.Build.0 = Debug|x64
		{69DA9692-89F3-4A74-B6C4-2780A0A02CCE}.Debug|x64.Deploy.0 = Debug|x64
		{69DA9692-89F3-4A74-B6C4-2780A0A02CCE}.Debug|x86.ActiveCfg = Debug|x86
		{69DA9692-89F3-4A74-B6C4-2780A0A02CCE}.Debug|x86.Build.0 = Debug|x86
		{69DA9692-89F3-4A74-B6C4-2780A0A02CCE}.Debug|x86.Deploy.0 = Debug|x86
		{69DA9692-89F3-4A74-B6C4-2780A0A02CCE}.Release|ARM.ActiveCfg = Release|ARM
		{69DA9692-89F3-4A74-B6C4-2780A0A02CCE}.Release|ARM.Build.0 = Release|ARM
		{69DA9692-89F3-4A74-B6C4-2780A0A02CCE}.Release|ARM.Deploy.0 = Release|ARM
		{69DA9692-89F3-4A74-B6C4-2780A0A02CCE}.Release|ARM64.ActiveCfg = Release|ARM64
		{69DA9692-89F3-4A74-B6C4-2780A0A02CCE}.Release|ARM64.Build.0 = Release|ARM64
		{69DA9692-89F3-4A74-B6C4-2780A0A02CCE}.Release|ARM64.Deploy.0 = Release|ARM64
		{69DA9692-89F3-4A74-B6C4-2780A0A02CCE}.Release|x64.ActiveCfg = Release|x64
		{69DA9692-89F3-4A74-B6C4-2780A0A02CCE}.Release|x64.Build.0 = Release|x64
		{69DA9692-89F3-4A74-B6C4-2780A0A02CCE}.Release|x64.Deploy.0 = Release|x64
		{69DA9692-89F3-4A74-B6C4-2780A0A02CCE}.Release|x86.ActiveCfg = Release|x86
		{69DA9692-89F3-4A74-B6C4-2780A0A02CCE}.Release|x86.Build.0 = Release|x86
		{69DA9692-89F3-4A74-B6C4-2780A0A02CCE}.Release|x86.Deploy.0 = Release|x86
		{C4ED9591-8A6F-4951-9A94-A316BA1BF066}.Debug|ARM.ActiveCfg = Debug|ARM
		{C4ED9591-8A6F-4951-9A94-A316BA1BF066}.Debug|ARM.Build.0 = Debug|ARM
		{C4ED9591-8A6F-4951-9A94-A316BA1BF066}.Debug|ARM.Deploy.0 = Debug|ARM
		{C4ED9591-8A6F-4951-9A94-A316BA1BF066}.Debug|ARM64.ActiveCfg = Debug|ARM64
		{C4ED9591-8A6F-4951-9A94-A316BA1BF066}.Debug|ARM64.Build.0 = Debug|ARM64
		{C4ED9591-8A6F-4951-9A94-A316BA1BF066}.Debug|ARM64.Deploy.0 = Debug|ARM64
		{C4ED9591-8A6F-4951-9A94-A316BA1BF066}.Debug|x64.ActiveCfg = Debug|x64
		{C4ED9591-8A6F-4951-9A94-A316BA1BF066}.Debug|x64.Build.0 = Debug|x64
		{C4ED9591-8A6F-4951-9A94-A316BA1BF066}.Debug|x64.Deploy.0 = Debug|x64
		{C4ED9591-8A6F-4951-9A94-A316BA1BF066}.Debug|x86.ActiveCfg = Debug|x86
		{C4ED9591-8A6F-4951-9A94-A316BA1BF066}.Debug|x86.Build.0 = Debug|x86
		{C4ED9591-8A6F-4951-9A94-A316BA1BF066}.Debug|x86.Deploy.0 = Debug|x86
		{C4ED9591-8A6F-4951-9A94-A316BA1BF066}.Release|ARM.ActiveCfg = Release|ARM
		{C4ED9591-8A6F-4951-9A94-A316BA1BF066}.Release|ARM.Build.0 = Release|ARM
		{C4ED9591-8A6F-4951-9A94-A316BA1BF066}.Release|ARM.Deploy.0 = Release|ARM
		{C4ED9591-8A6F-4951-9A94-A316BA1BF066}.Release|ARM64.ActiveCfg = Release|ARM64
		{C4ED9591-8A6F-4951-9A94-A316BA1BF066}.Release|ARM64.Build.0 = Release|ARM64
		{C4ED9591-8A6F-4951-9A94-A316BA1BF066}.Release|ARM64.Deploy.0 = Release|ARM64
		{C4ED9591-8A6F-4951-9A94-A316BA1BF066}.Release|x64.ActiveCfg = Release|x64
		{C4ED9591-8A6F-4951-9A94-A316BA1BF066}.Release|x64.Build.0 = Release|x64
		{C4ED9591-8A6F-4951-9A94-A316BA1BF066}.Release|x64.Deploy.0 = Release|x64
		{C4ED9591-8A6F-4951-9A94-A316BA1BF066}.Release|x86.ActiveCfg = Release|x86
		{C4ED9591-8A6F-4951-9A94-A316BA1BF066}.Release|x86.Build.0 = Release|x86
		{C4ED9591-8A6F-4951-9A94-A316BA1BF066}.Release|x86.Deploy.0 = Release|x86
	EndGlobalSection
	GlobalSection(SolutionProperties) = preSolution
		HideSolutionNode = FALSE
	EndGlobalSection
	GlobalSection(ExtensibilityGlobals) = postSolution
		SolutionGuid = {E7800BF3-1A25-41FE-9817-7239918AB435}
	EndGlobalSection
EndGlobal
